// !$*UTF8*$!
{
	archiveVersion = 1;
	classes = {
	};
	objectVersion = 56;
	objects = {

/* Begin PBXBuildFile section */
		FE2694672BBC5912007733B4 /* HomeViewAdapter.swift in Sources */ = {isa = PBXBuildFile; fileRef = FE2694662BBC5912007733B4 /* HomeViewAdapter.swift */; };
		FE64B9F02B4C354700A70F62 /* sti_examApp.swift in Sources */ = {isa = PBXBuildFile; fileRef = FE64B9EF2B4C354700A70F62 /* sti_examApp.swift */; };
		FE64B9F42B4C354900A70F62 /* Assets.xcassets in Resources */ = {isa = PBXBuildFile; fileRef = FE64B9F32B4C354900A70F62 /* Assets.xcassets */; };
		FE64B9F72B4C354900A70F62 /* Preview Assets.xcassets in Resources */ = {isa = PBXBuildFile; fileRef = FE64B9F62B4C354900A70F62 /* Preview Assets.xcassets */; };
		FE64BA012B4C354900A70F62 /* sti_examTests.swift in Sources */ = {isa = PBXBuildFile; fileRef = FE64BA002B4C354900A70F62 /* sti_examTests.swift */; };
		FE64BA0B2B4C354900A70F62 /* sti_examUITests.swift in Sources */ = {isa = PBXBuildFile; fileRef = FE64BA0A2B4C354900A70F62 /* sti_examUITests.swift */; };
		FE64BA0D2B4C354900A70F62 /* sti_examUITestsLaunchTests.swift in Sources */ = {isa = PBXBuildFile; fileRef = FE64BA0C2B4C354900A70F62 /* sti_examUITestsLaunchTests.swift */; };
		FE688CD12B94E0370063B1D3 /* .gitignore in Resources */ = {isa = PBXBuildFile; fileRef = FE688CD02B94E0370063B1D3 /* .gitignore */; };
		FE688CD32B94E11D0063B1D3 /* .env.local in Resources */ = {isa = PBXBuildFile; fileRef = FE688CD22B94E11D0063B1D3 /* .env.local */; };
		FE8D9A122BA2EF020065EEDD /* HomeView.swift in Sources */ = {isa = PBXBuildFile; fileRef = FE8D9A112BA2EF020065EEDD /* HomeView.swift */; };
		FE8D9A192BA305E10065EEDD /* GoogleService-Info.plist in Resources */ = {isa = PBXBuildFile; fileRef = FE8D9A182BA305E10065EEDD /* GoogleService-Info.plist */; };
		FE8D9A1B2BA307CA0065EEDD /* FirebaseAuth in Frameworks */ = {isa = PBXBuildFile; productRef = FE8D9A1A2BA307CA0065EEDD /* FirebaseAuth */; };
		FE8D9A1D2BA307CA0065EEDD /* FirebaseFirestore in Frameworks */ = {isa = PBXBuildFile; productRef = FE8D9A1C2BA307CA0065EEDD /* FirebaseFirestore */; };
		FE8D9A1F2BA307CA0065EEDD /* FirebaseFirestoreCombine-Community in Frameworks */ = {isa = PBXBuildFile; productRef = FE8D9A1E2BA307CA0065EEDD /* FirebaseFirestoreCombine-Community */; };
		FE8D9A212BA307CA0065EEDD /* FirebaseFirestoreSwift in Frameworks */ = {isa = PBXBuildFile; productRef = FE8D9A202BA307CA0065EEDD /* FirebaseFirestoreSwift */; };
		FE8D9A242BA30E8A0065EEDD /* Coordinator.swift in Sources */ = {isa = PBXBuildFile; fileRef = FE8D9A232BA30E8A0065EEDD /* Coordinator.swift */; };
		FE8D9A262BA313420065EEDD /* LoginView.swift in Sources */ = {isa = PBXBuildFile; fileRef = FE8D9A252BA313420065EEDD /* LoginView.swift */; };
		FE8D9A282BA313990065EEDD /* SignUpView.swift in Sources */ = {isa = PBXBuildFile; fileRef = FE8D9A272BA313990065EEDD /* SignUpView.swift */; };
		FE8D9A2A2BA313D70065EEDD /* SplashScreen.swift in Sources */ = {isa = PBXBuildFile; fileRef = FE8D9A292BA313D70065EEDD /* SplashScreen.swift */; };
		FE8D9A2C2BA314310065EEDD /* CreateProgramView.swift in Sources */ = {isa = PBXBuildFile; fileRef = FE8D9A2B2BA314310065EEDD /* CreateProgramView.swift */; };
		FE8D9A2E2BA314530065EEDD /* CreateExerciseView.swift in Sources */ = {isa = PBXBuildFile; fileRef = FE8D9A2D2BA314530065EEDD /* CreateExerciseView.swift */; };
		FE8D9A302BA314760065EEDD /* UpdateProgramView.swift in Sources */ = {isa = PBXBuildFile; fileRef = FE8D9A2F2BA314760065EEDD /* UpdateProgramView.swift */; };
		FE8D9A322BA314980065EEDD /* UpdateExerciseView.swift in Sources */ = {isa = PBXBuildFile; fileRef = FE8D9A312BA314980065EEDD /* UpdateExerciseView.swift */; };
		FE8D9A342BA314CD0065EEDD /* MapsView.swift in Sources */ = {isa = PBXBuildFile; fileRef = FE8D9A332BA314CD0065EEDD /* MapsView.swift */; };
		FE8D9A362BA314F60065EEDD /* SearchView.swift in Sources */ = {isa = PBXBuildFile; fileRef = FE8D9A352BA314F60065EEDD /* SearchView.swift */; };
		FE8D9A382BA316B70065EEDD /* CoordinatorView.swift in Sources */ = {isa = PBXBuildFile; fileRef = FE8D9A372BA316B70065EEDD /* CoordinatorView.swift */; };
/* End PBXBuildFile section */

/* Begin PBXContainerItemProxy section */
		FE64B9FD2B4C354900A70F62 /* PBXContainerItemProxy */ = {
			isa = PBXContainerItemProxy;
			containerPortal = FE64B9E42B4C354700A70F62 /* Project object */;
			proxyType = 1;
			remoteGlobalIDString = FE64B9EB2B4C354700A70F62;
			remoteInfo = sti_exam;
		};
		FE64BA072B4C354900A70F62 /* PBXContainerItemProxy */ = {
			isa = PBXContainerItemProxy;
			containerPortal = FE64B9E42B4C354700A70F62 /* Project object */;
			proxyType = 1;
			remoteGlobalIDString = FE64B9EB2B4C354700A70F62;
			remoteInfo = sti_exam;
		};
/* End PBXContainerItemProxy section */

/* Begin PBXFileReference section */
		FE2694662BBC5912007733B4 /* HomeViewAdapter.swift */ = {isa = PBXFileReference; lastKnownFileType = sourcecode.swift; path = HomeViewAdapter.swift; sourceTree = "<group>"; };
		FE64B9EC2B4C354700A70F62 /* sti_exam.app */ = {isa = PBXFileReference; explicitFileType = wrapper.application; includeInIndex = 0; path = sti_exam.app; sourceTree = BUILT_PRODUCTS_DIR; };
		FE64B9EF2B4C354700A70F62 /* sti_examApp.swift */ = {isa = PBXFileReference; lastKnownFileType = sourcecode.swift; path = sti_examApp.swift; sourceTree = "<group>"; };
		FE64B9F32B4C354900A70F62 /* Assets.xcassets */ = {isa = PBXFileReference; lastKnownFileType = folder.assetcatalog; path = Assets.xcassets; sourceTree = "<group>"; };
		FE64B9F62B4C354900A70F62 /* Preview Assets.xcassets */ = {isa = PBXFileReference; lastKnownFileType = folder.assetcatalog; path = "Preview Assets.xcassets"; sourceTree = "<group>"; };
		FE64B9FC2B4C354900A70F62 /* sti_examTests.xctest */ = {isa = PBXFileReference; explicitFileType = wrapper.cfbundle; includeInIndex = 0; path = sti_examTests.xctest; sourceTree = BUILT_PRODUCTS_DIR; };
		FE64BA002B4C354900A70F62 /* sti_examTests.swift */ = {isa = PBXFileReference; lastKnownFileType = sourcecode.swift; path = sti_examTests.swift; sourceTree = "<group>"; };
		FE64BA062B4C354900A70F62 /* sti_examUITests.xctest */ = {isa = PBXFileReference; explicitFileType = wrapper.cfbundle; includeInIndex = 0; path = sti_examUITests.xctest; sourceTree = BUILT_PRODUCTS_DIR; };
		FE64BA0A2B4C354900A70F62 /* sti_examUITests.swift */ = {isa = PBXFileReference; lastKnownFileType = sourcecode.swift; path = sti_examUITests.swift; sourceTree = "<group>"; };
		FE64BA0C2B4C354900A70F62 /* sti_examUITestsLaunchTests.swift */ = {isa = PBXFileReference; lastKnownFileType = sourcecode.swift; path = sti_examUITestsLaunchTests.swift; sourceTree = "<group>"; };
		FE688CD02B94E0370063B1D3 /* .gitignore */ = {isa = PBXFileReference; lastKnownFileType = text; path = .gitignore; sourceTree = "<group>"; };
		FE688CD22B94E11D0063B1D3 /* .env.local */ = {isa = PBXFileReference; lastKnownFileType = text; path = .env.local; sourceTree = "<group>"; };
		FE8D9A112BA2EF020065EEDD /* HomeView.swift */ = {isa = PBXFileReference; lastKnownFileType = sourcecode.swift; path = HomeView.swift; sourceTree = "<group>"; };
		FE8D9A182BA305E10065EEDD /* GoogleService-Info.plist */ = {isa = PBXFileReference; fileEncoding = 4; lastKnownFileType = text.plist.xml; path = "GoogleService-Info.plist"; sourceTree = "<group>"; };
		FE8D9A232BA30E8A0065EEDD /* Coordinator.swift */ = {isa = PBXFileReference; lastKnownFileType = sourcecode.swift; path = Coordinator.swift; sourceTree = "<group>"; };
		FE8D9A252BA313420065EEDD /* LoginView.swift */ = {isa = PBXFileReference; lastKnownFileType = sourcecode.swift; path = LoginView.swift; sourceTree = "<group>"; };
		FE8D9A272BA313990065EEDD /* SignUpView.swift */ = {isa = PBXFileReference; lastKnownFileType = sourcecode.swift; path = SignUpView.swift; sourceTree = "<group>"; };
		FE8D9A292BA313D70065EEDD /* SplashScreen.swift */ = {isa = PBXFileReference; lastKnownFileType = sourcecode.swift; path = SplashScreen.swift; sourceTree = "<group>"; };
		FE8D9A2B2BA314310065EEDD /* CreateProgramView.swift */ = {isa = PBXFileReference; lastKnownFileType = sourcecode.swift; path = CreateProgramView.swift; sourceTree = "<group>"; };
		FE8D9A2D2BA314530065EEDD /* CreateExerciseView.swift */ = {isa = PBXFileReference; lastKnownFileType = sourcecode.swift; path = CreateExerciseView.swift; sourceTree = "<group>"; };
		FE8D9A2F2BA314760065EEDD /* UpdateProgramView.swift */ = {isa = PBXFileReference; lastKnownFileType = sourcecode.swift; path = UpdateProgramView.swift; sourceTree = "<group>"; };
		FE8D9A312BA314980065EEDD /* UpdateExerciseView.swift */ = {isa = PBXFileReference; lastKnownFileType = sourcecode.swift; path = UpdateExerciseView.swift; sourceTree = "<group>"; };
		FE8D9A332BA314CD0065EEDD /* MapsView.swift */ = {isa = PBXFileReference; lastKnownFileType = sourcecode.swift; path = MapsView.swift; sourceTree = "<group>"; };
		FE8D9A352BA314F60065EEDD /* SearchView.swift */ = {isa = PBXFileReference; lastKnownFileType = sourcecode.swift; path = SearchView.swift; sourceTree = "<group>"; };
		FE8D9A372BA316B70065EEDD /* CoordinatorView.swift */ = {isa = PBXFileReference; lastKnownFileType = sourcecode.swift; path = CoordinatorView.swift; sourceTree = "<group>"; };
/* End PBXFileReference section */

/* Begin PBXFrameworksBuildPhase section */
		FE64B9E92B4C354700A70F62 /* Frameworks */ = {
			isa = PBXFrameworksBuildPhase;
			buildActionMask = 2147483647;
			files = (
				FE8D9A1F2BA307CA0065EEDD /* FirebaseFirestoreCombine-Community in Frameworks */,
				FE8D9A1B2BA307CA0065EEDD /* FirebaseAuth in Frameworks */,
				FE8D9A1D2BA307CA0065EEDD /* FirebaseFirestore in Frameworks */,
				FE8D9A212BA307CA0065EEDD /* FirebaseFirestoreSwift in Frameworks */,
			);
			runOnlyForDeploymentPostprocessing = 0;
		};
		FE64B9F92B4C354900A70F62 /* Frameworks */ = {
			isa = PBXFrameworksBuildPhase;
			buildActionMask = 2147483647;
			files = (
			);
			runOnlyForDeploymentPostprocessing = 0;
		};
		FE64BA032B4C354900A70F62 /* Frameworks */ = {
			isa = PBXFrameworksBuildPhase;
			buildActionMask = 2147483647;
			files = (
			);
			runOnlyForDeploymentPostprocessing = 0;
		};
/* End PBXFrameworksBuildPhase section */

/* Begin PBXGroup section */
		FE64B9E32B4C354700A70F62 = {
			isa = PBXGroup;
			children = (
				FE64B9EE2B4C354700A70F62 /* sti_exam */,
				FE688CD02B94E0370063B1D3 /* .gitignore */,
				FE688CD22B94E11D0063B1D3 /* .env.local */,
				FE64B9FF2B4C354900A70F62 /* sti_examTests */,
				FE64BA092B4C354900A70F62 /* sti_examUITests */,
				FE64B9ED2B4C354700A70F62 /* Products */,
			);
			sourceTree = "<group>";
		};
		FE64B9ED2B4C354700A70F62 /* Products */ = {
			isa = PBXGroup;
			children = (
				FE64B9EC2B4C354700A70F62 /* sti_exam.app */,
				FE64B9FC2B4C354900A70F62 /* sti_examTests.xctest */,
				FE64BA062B4C354900A70F62 /* sti_examUITests.xctest */,
			);
			name = Products;
			sourceTree = "<group>";
		};
		FE64B9EE2B4C354700A70F62 /* sti_exam */ = {
			isa = PBXGroup;
			children = (
				FE8D9A222BA30E540065EEDD /* Navigation */,
				FE64BA1B2B4C39CE00A70F62 /* views */,
				FE64BA1A2B4C39C300A70F62 /* viewModel */,
				FE64BA192B4C39BC00A70F62 /* model */,
				FE64B9EF2B4C354700A70F62 /* sti_examApp.swift */,
				FE64B9F32B4C354900A70F62 /* Assets.xcassets */,
				FE8D9A182BA305E10065EEDD /* GoogleService-Info.plist */,
				FE64B9F52B4C354900A70F62 /* Preview Content */,
				FE2694662BBC5912007733B4 /* HomeViewAdapter.swift */,
			);
			path = sti_exam;
			sourceTree = "<group>";
		};
		FE64B9F52B4C354900A70F62 /* Preview Content */ = {
			isa = PBXGroup;
			children = (
				FE64B9F62B4C354900A70F62 /* Preview Assets.xcassets */,
			);
			path = "Preview Content";
			sourceTree = "<group>";
		};
		FE64B9FF2B4C354900A70F62 /* sti_examTests */ = {
			isa = PBXGroup;
			children = (
				FE64BA002B4C354900A70F62 /* sti_examTests.swift */,
			);
			path = sti_examTests;
			sourceTree = "<group>";
		};
		FE64BA092B4C354900A70F62 /* sti_examUITests */ = {
			isa = PBXGroup;
			children = (
				FE64BA0A2B4C354900A70F62 /* sti_examUITests.swift */,
				FE64BA0C2B4C354900A70F62 /* sti_examUITestsLaunchTests.swift */,
			);
			path = sti_examUITests;
			sourceTree = "<group>";
		};
		FE64BA192B4C39BC00A70F62 /* model */ = {
			isa = PBXGroup;
			children = (
			);
			path = model;
			sourceTree = "<group>";
		};
		FE64BA1A2B4C39C300A70F62 /* viewModel */ = {
			isa = PBXGroup;
			children = (
			);
			path = viewModel;
			sourceTree = "<group>";
		};
		FE64BA1B2B4C39CE00A70F62 /* views */ = {
			isa = PBXGroup;
			children = (
				FE8D9A252BA313420065EEDD /* LoginView.swift */,
				FE8D9A272BA313990065EEDD /* SignUpView.swift */,
				FE8D9A292BA313D70065EEDD /* SplashScreen.swift */,
				FE8D9A112BA2EF020065EEDD /* HomeView.swift */,
				FE8D9A2B2BA314310065EEDD /* CreateProgramView.swift */,
				FE8D9A2D2BA314530065EEDD /* CreateExerciseView.swift */,
				FE8D9A2F2BA314760065EEDD /* UpdateProgramView.swift */,
				FE8D9A312BA314980065EEDD /* UpdateExerciseView.swift */,
				FE8D9A352BA314F60065EEDD /* SearchView.swift */,
				FE8D9A332BA314CD0065EEDD /* MapsView.swift */,
				FE8D9A372BA316B70065EEDD /* CoordinatorView.swift */,
			);
			path = views;
			sourceTree = "<group>";
		};
		FE8D9A222BA30E540065EEDD /* Navigation */ = {
			isa = PBXGroup;
			children = (
				FE8D9A232BA30E8A0065EEDD /* Coordinator.swift */,
			);
			path = Navigation;
			sourceTree = "<group>";
		};
/* End PBXGroup section */

/* Begin PBXNativeTarget section */
		FE64B9EB2B4C354700A70F62 /* sti_exam */ = {
			isa = PBXNativeTarget;
			buildConfigurationList = FE64BA102B4C354900A70F62 /* Build configuration list for PBXNativeTarget "sti_exam" */;
			buildPhases = (
				FE64B9E82B4C354700A70F62 /* Sources */,
				FE64B9E92B4C354700A70F62 /* Frameworks */,
				FE64B9EA2B4C354700A70F62 /* Resources */,
			);
			buildRules = (
			);
			dependencies = (
			);
			name = sti_exam;
			packageProductDependencies = (
				FE8D9A1A2BA307CA0065EEDD /* FirebaseAuth */,
				FE8D9A1C2BA307CA0065EEDD /* FirebaseFirestore */,
				FE8D9A1E2BA307CA0065EEDD /* FirebaseFirestoreCombine-Community */,
				FE8D9A202BA307CA0065EEDD /* FirebaseFirestoreSwift */,
			);
			productName = sti_exam;
			productReference = FE64B9EC2B4C354700A70F62 /* sti_exam.app */;
			productType = "com.apple.product-type.application";
		};
		FE64B9FB2B4C354900A70F62 /* sti_examTests */ = {
			isa = PBXNativeTarget;
			buildConfigurationList = FE64BA132B4C354900A70F62 /* Build configuration list for PBXNativeTarget "sti_examTests" */;
			buildPhases = (
				FE64B9F82B4C354900A70F62 /* Sources */,
				FE64B9F92B4C354900A70F62 /* Frameworks */,
				FE64B9FA2B4C354900A70F62 /* Resources */,
			);
			buildRules = (
			);
			dependencies = (
				FE64B9FE2B4C354900A70F62 /* PBXTargetDependency */,
			);
			name = sti_examTests;
			productName = sti_examTests;
			productReference = FE64B9FC2B4C354900A70F62 /* sti_examTests.xctest */;
			productType = "com.apple.product-type.bundle.unit-test";
		};
		FE64BA052B4C354900A70F62 /* sti_examUITests */ = {
			isa = PBXNativeTarget;
			buildConfigurationList = FE64BA162B4C354900A70F62 /* Build configuration list for PBXNativeTarget "sti_examUITests" */;
			buildPhases = (
				FE64BA022B4C354900A70F62 /* Sources */,
				FE64BA032B4C354900A70F62 /* Frameworks */,
				FE64BA042B4C354900A70F62 /* Resources */,
			);
			buildRules = (
			);
			dependencies = (
				FE64BA082B4C354900A70F62 /* PBXTargetDependency */,
			);
			name = sti_examUITests;
			productName = sti_examUITests;
			productReference = FE64BA062B4C354900A70F62 /* sti_examUITests.xctest */;
			productType = "com.apple.product-type.bundle.ui-testing";
		};
/* End PBXNativeTarget section */

/* Begin PBXProject section */
		FE64B9E42B4C354700A70F62 /* Project object */ = {
			isa = PBXProject;
			attributes = {
				BuildIndependentTargetsInParallel = 1;
				LastSwiftUpdateCheck = 1510;
				LastUpgradeCheck = 1510;
				TargetAttributes = {
					FE64B9EB2B4C354700A70F62 = {
						CreatedOnToolsVersion = 15.1;
					};
					FE64B9FB2B4C354900A70F62 = {
						CreatedOnToolsVersion = 15.1;
						TestTargetID = FE64B9EB2B4C354700A70F62;
					};
					FE64BA052B4C354900A70F62 = {
						CreatedOnToolsVersion = 15.1;
						TestTargetID = FE64B9EB2B4C354700A70F62;
					};
				};
			};
			buildConfigurationList = FE64B9E72B4C354700A70F62 /* Build configuration list for PBXProject "sti_exam" */;
			compatibilityVersion = "Xcode 14.0";
			developmentRegion = en;
			hasScannedForEncodings = 0;
			knownRegions = (
				en,
				Base,
			);
			mainGroup = FE64B9E32B4C354700A70F62;
			packageReferences = (
				FE8D9A172BA2FCFA0065EEDD /* XCRemoteSwiftPackageReference "firebase-ios-sdk" */,
			);
			productRefGroup = FE64B9ED2B4C354700A70F62 /* Products */;
			projectDirPath = "";
			projectRoot = "";
			targets = (
				FE64B9EB2B4C354700A70F62 /* sti_exam */,
				FE64B9FB2B4C354900A70F62 /* sti_examTests */,
				FE64BA052B4C354900A70F62 /* sti_examUITests */,
			);
		};
/* End PBXProject section */

/* Begin PBXResourcesBuildPhase section */
		FE64B9EA2B4C354700A70F62 /* Resources */ = {
			isa = PBXResourcesBuildPhase;
			buildActionMask = 2147483647;
			files = (
				FE64B9F72B4C354900A70F62 /* Preview Assets.xcassets in Resources */,
				FE688CD12B94E0370063B1D3 /* .gitignore in Resources */,
				FE8D9A192BA305E10065EEDD /* GoogleService-Info.plist in Resources */,
				FE688CD32B94E11D0063B1D3 /* .env.local in Resources */,
				FE64B9F42B4C354900A70F62 /* Assets.xcassets in Resources */,
			);
			runOnlyForDeploymentPostprocessing = 0;
		};
		FE64B9FA2B4C354900A70F62 /* Resources */ = {
			isa = PBXResourcesBuildPhase;
			buildActionMask = 2147483647;
			files = (
			);
			runOnlyForDeploymentPostprocessing = 0;
		};
		FE64BA042B4C354900A70F62 /* Resources */ = {
			isa = PBXResourcesBuildPhase;
			buildActionMask = 2147483647;
			files = (
			);
			runOnlyForDeploymentPostprocessing = 0;
		};
/* End PBXResourcesBuildPhase section */

/* Begin PBXSourcesBuildPhase section */
		FE64B9E82B4C354700A70F62 /* Sources */ = {
			isa = PBXSourcesBuildPhase;
			buildActionMask = 2147483647;
			files = (
				FE8D9A2A2BA313D70065EEDD /* SplashScreen.swift in Sources */,
				FE8D9A302BA314760065EEDD /* UpdateProgramView.swift in Sources */,
				FE8D9A2C2BA314310065EEDD /* CreateProgramView.swift in Sources */,
				FE8D9A342BA314CD0065EEDD /* MapsView.swift in Sources */,
				FE8D9A362BA314F60065EEDD /* SearchView.swift in Sources */,
				FE8D9A322BA314980065EEDD /* UpdateExerciseView.swift in Sources */,
				FE8D9A2E2BA314530065EEDD /* CreateExerciseView.swift in Sources */,
				FE64B9F02B4C354700A70F62 /* sti_examApp.swift in Sources */,
				FE8D9A282BA313990065EEDD /* SignUpView.swift in Sources */,
				FE2694672BBC5912007733B4 /* HomeViewAdapter.swift in Sources */,
				FE8D9A382BA316B70065EEDD /* CoordinatorView.swift in Sources */,
				FE8D9A122BA2EF020065EEDD /* HomeView.swift in Sources */,
				FE8D9A262BA313420065EEDD /* LoginView.swift in Sources */,
				FE8D9A242BA30E8A0065EEDD /* Coordinator.swift in Sources */,
			);
			runOnlyForDeploymentPostprocessing = 0;
		};
		FE64B9F82B4C354900A70F62 /* Sources */ = {
			isa = PBXSourcesBuildPhase;
			buildActionMask = 2147483647;
			files = (
				FE64BA012B4C354900A70F62 /* sti_examTests.swift in Sources */,
			);
			runOnlyForDeploymentPostprocessing = 0;
		};
		FE64BA022B4C354900A70F62 /* Sources */ = {
			isa = PBXSourcesBuildPhase;
			buildActionMask = 2147483647;
			files = (
				FE64BA0D2B4C354900A70F62 /* sti_examUITestsLaunchTests.swift in Sources */,
				FE64BA0B2B4C354900A70F62 /* sti_examUITests.swift in Sources */,
			);
			runOnlyForDeploymentPostprocessing = 0;
		};
/* End PBXSourcesBuildPhase section */

/* Begin PBXTargetDependency section */
		FE64B9FE2B4C354900A70F62 /* PBXTargetDependency */ = {
			isa = PBXTargetDependency;
			target = FE64B9EB2B4C354700A70F62 /* sti_exam */;
			targetProxy = FE64B9FD2B4C354900A70F62 /* PBXContainerItemProxy */;
		};
		FE64BA082B4C354900A70F62 /* PBXTargetDependency */ = {
			isa = PBXTargetDependency;
			target = FE64B9EB2B4C354700A70F62 /* sti_exam */;
			targetProxy = FE64BA072B4C354900A70F62 /* PBXContainerItemProxy */;
		};
/* End PBXTargetDependency section */

/* Begin XCBuildConfiguration section */
		FE64BA0E2B4C354900A70F62 /* Debug */ = {
			isa = XCBuildConfiguration;
			buildSettings = {
				ALWAYS_SEARCH_USER_PATHS = NO;
				ASSETCATALOG_COMPILER_GENERATE_SWIFT_ASSET_SYMBOL_EXTENSIONS = YES;
				CLANG_ANALYZER_NONNULL = YES;
				CLANG_ANALYZER_NUMBER_OBJECT_CONVERSION = YES_AGGRESSIVE;
				CLANG_CXX_LANGUAGE_STANDARD = "gnu++20";
				CLANG_ENABLE_MODULES = YES;
				CLANG_ENABLE_OBJC_ARC = YES;
				CLANG_ENABLE_OBJC_WEAK = YES;
				CLANG_WARN_BLOCK_CAPTURE_AUTORELEASING = YES;
				CLANG_WARN_BOOL_CONVERSION = YES;
				CLANG_WARN_COMMA = YES;
				CLANG_WARN_CONSTANT_CONVERSION = YES;
				CLANG_WARN_DEPRECATED_OBJC_IMPLEMENTATIONS = YES;
				CLANG_WARN_DIRECT_OBJC_ISA_USAGE = YES_ERROR;
				CLANG_WARN_DOCUMENTATION_COMMENTS = YES;
				CLANG_WARN_EMPTY_BODY = YES;
				CLANG_WARN_ENUM_CONVERSION = YES;
				CLANG_WARN_INFINITE_RECURSION = YES;
				CLANG_WARN_INT_CONVERSION = YES;
				CLANG_WARN_NON_LITERAL_NULL_CONVERSION = YES;
				CLANG_WARN_OBJC_IMPLICIT_RETAIN_SELF = YES;
				CLANG_WARN_OBJC_LITERAL_CONVERSION = YES;
				CLANG_WARN_OBJC_ROOT_CLASS = YES_ERROR;
				CLANG_WARN_QUOTED_INCLUDE_IN_FRAMEWORK_HEADER = YES;
				CLANG_WARN_RANGE_LOOP_ANALYSIS = YES;
				CLANG_WARN_STRICT_PROTOTYPES = YES;
				CLANG_WARN_SUSPICIOUS_MOVE = YES;
				CLANG_WARN_UNGUARDED_AVAILABILITY = YES_AGGRESSIVE;
				CLANG_WARN_UNREACHABLE_CODE = YES;
				CLANG_WARN__DUPLICATE_METHOD_MATCH = YES;
				COPY_PHASE_STRIP = NO;
				DEBUG_INFORMATION_FORMAT = dwarf;
				ENABLE_STRICT_OBJC_MSGSEND = YES;
				ENABLE_TESTABILITY = YES;
				ENABLE_USER_SCRIPT_SANDBOXING = YES;
				GCC_C_LANGUAGE_STANDARD = gnu17;
				GCC_DYNAMIC_NO_PIC = NO;
				GCC_NO_COMMON_BLOCKS = YES;
				GCC_OPTIMIZATION_LEVEL = 0;
				GCC_PREPROCESSOR_DEFINITIONS = (
					"DEBUG=1",
					"$(inherited)",
				);
				GCC_WARN_64_TO_32_BIT_CONVERSION = YES;
				GCC_WARN_ABOUT_RETURN_TYPE = YES_ERROR;
				GCC_WARN_UNDECLARED_SELECTOR = YES;
				GCC_WARN_UNINITIALIZED_AUTOS = YES_AGGRESSIVE;
				GCC_WARN_UNUSED_FUNCTION = YES;
				GCC_WARN_UNUSED_VARIABLE = YES;
				IPHONEOS_DEPLOYMENT_TARGET = 17.2;
				LOCALIZATION_PREFERS_STRING_CATALOGS = YES;
				MTL_ENABLE_DEBUG_INFO = INCLUDE_SOURCE;
				MTL_FAST_MATH = YES;
				ONLY_ACTIVE_ARCH = YES;
				SDKROOT = iphoneos;
				SWIFT_ACTIVE_COMPILATION_CONDITIONS = "DEBUG $(inherited)";
				SWIFT_OPTIMIZATION_LEVEL = "-Onone";
			};
			name = Debug;
		};
		FE64BA0F2B4C354900A70F62 /* Release */ = {
			isa = XCBuildConfiguration;
			buildSettings = {
				ALWAYS_SEARCH_USER_PATHS = NO;
				ASSETCATALOG_COMPILER_GENERATE_SWIFT_ASSET_SYMBOL_EXTENSIONS = YES;
				CLANG_ANALYZER_NONNULL = YES;
				CLANG_ANALYZER_NUMBER_OBJECT_CONVERSION = YES_AGGRESSIVE;
				CLANG_CXX_LANGUAGE_STANDARD = "gnu++20";
				CLANG_ENABLE_MODULES = YES;
				CLANG_ENABLE_OBJC_ARC = YES;
				CLANG_ENABLE_OBJC_WEAK = YES;
				CLANG_WARN_BLOCK_CAPTURE_AUTORELEASING = YES;
				CLANG_WARN_BOOL_CONVERSION = YES;
				CLANG_WARN_COMMA = YES;
				CLANG_WARN_CONSTANT_CONVERSION = YES;
				CLANG_WARN_DEPRECATED_OBJC_IMPLEMENTATIONS = YES;
				CLANG_WARN_DIRECT_OBJC_ISA_USAGE = YES_ERROR;
				CLANG_WARN_DOCUMENTATION_COMMENTS = YES;
				CLANG_WARN_EMPTY_BODY = YES;
				CLANG_WARN_ENUM_CONVERSION = YES;
				CLANG_WARN_INFINITE_RECURSION = YES;
				CLANG_WARN_INT_CONVERSION = YES;
				CLANG_WARN_NON_LITERAL_NULL_CONVERSION = YES;
				CLANG_WARN_OBJC_IMPLICIT_RETAIN_SELF = YES;
				CLANG_WARN_OBJC_LITERAL_CONVERSION = YES;
				CLANG_WARN_OBJC_ROOT_CLASS = YES_ERROR;
				CLANG_WARN_QUOTED_INCLUDE_IN_FRAMEWORK_HEADER = YES;
				CLANG_WARN_RANGE_LOOP_ANALYSIS = YES;
				CLANG_WARN_STRICT_PROTOTYPES = YES;
				CLANG_WARN_SUSPICIOUS_MOVE = YES;
				CLANG_WARN_UNGUARDED_AVAILABILITY = YES_AGGRESSIVE;
				CLANG_WARN_UNREACHABLE_CODE = YES;
				CLANG_WARN__DUPLICATE_METHOD_MATCH = YES;
				COPY_PHASE_STRIP = NO;
				DEBUG_INFORMATION_FORMAT = "dwarf-with-dsym";
				ENABLE_NS_ASSERTIONS = NO;
				ENABLE_STRICT_OBJC_MSGSEND = YES;
				ENABLE_USER_SCRIPT_SANDBOXING = YES;
				GCC_C_LANGUAGE_STANDARD = gnu17;
				GCC_NO_COMMON_BLOCKS = YES;
				GCC_WARN_64_TO_32_BIT_CONVERSION = YES;
				GCC_WARN_ABOUT_RETURN_TYPE = YES_ERROR;
				GCC_WARN_UNDECLARED_SELECTOR = YES;
				GCC_WARN_UNINITIALIZED_AUTOS = YES_AGGRESSIVE;
				GCC_WARN_UNUSED_FUNCTION = YES;
				GCC_WARN_UNUSED_VARIABLE = YES;
				IPHONEOS_DEPLOYMENT_TARGET = 17.2;
				LOCALIZATION_PREFERS_STRING_CATALOGS = YES;
				MTL_ENABLE_DEBUG_INFO = NO;
				MTL_FAST_MATH = YES;
				SDKROOT = iphoneos;
				SWIFT_COMPILATION_MODE = wholemodule;
				VALIDATE_PRODUCT = YES;
			};
			name = Release;
		};
		FE64BA112B4C354900A70F62 /* Debug */ = {
			isa = XCBuildConfiguration;
			buildSettings = {
				ASSETCATALOG_COMPILER_APPICON_NAME = AppIcon;
				ASSETCATALOG_COMPILER_GLOBAL_ACCENT_COLOR_NAME = AccentColor;
				CODE_SIGN_STYLE = Automatic;
				CURRENT_PROJECT_VERSION = 1;
				DEVELOPMENT_ASSET_PATHS = "\"sti_exam/Preview Content\"";
				ENABLE_PREVIEWS = YES;
				GENERATE_INFOPLIST_FILE = YES;
				INFOPLIST_KEY_UIApplicationSceneManifest_Generation = YES;
				INFOPLIST_KEY_UIApplicationSupportsIndirectInputEvents = YES;
				INFOPLIST_KEY_UILaunchScreen_Generation = YES;
				INFOPLIST_KEY_UISupportedInterfaceOrientations_iPad = "UIInterfaceOrientationPortrait UIInterfaceOrientationPortraitUpsideDown UIInterfaceOrientationLandscapeLeft UIInterfaceOrientationLandscapeRight";
				INFOPLIST_KEY_UISupportedInterfaceOrientations_iPhone = "UIInterfaceOrientationPortrait UIInterfaceOrientationLandscapeLeft UIInterfaceOrientationLandscapeRight";
				LD_RUNPATH_SEARCH_PATHS = (
					"$(inherited)",
					"@executable_path/Frameworks",
				);
				MARKETING_VERSION = 1.0;
				PRODUCT_BUNDLE_IDENTIFIER = "com.rhiz0m.sti-exam";
				PRODUCT_NAME = "$(TARGET_NAME)";
				SWIFT_EMIT_LOC_STRINGS = YES;
				SWIFT_VERSION = 5.0;
				TARGETED_DEVICE_FAMILY = "1,2";
			};
			name = Debug;
		};
		FE64BA122B4C354900A70F62 /* Release */ = {
			isa = XCBuildConfiguration;
			buildSettings = {
				ASSETCATALOG_COMPILER_APPICON_NAME = AppIcon;
				ASSETCATALOG_COMPILER_GLOBAL_ACCENT_COLOR_NAME = AccentColor;
				CODE_SIGN_STYLE = Automatic;
				CURRENT_PROJECT_VERSION = 1;
				DEVELOPMENT_ASSET_PATHS = "\"sti_exam/Preview Content\"";
				ENABLE_PREVIEWS = YES;
				GENERATE_INFOPLIST_FILE = YES;
				INFOPLIST_KEY_UIApplicationSceneManifest_Generation = YES;
				INFOPLIST_KEY_UIApplicationSupportsIndirectInputEvents = YES;
				INFOPLIST_KEY_UILaunchScreen_Generation = YES;
				INFOPLIST_KEY_UISupportedInterfaceOrientations_iPad = "UIInterfaceOrientationPortrait UIInterfaceOrientationPortraitUpsideDown UIInterfaceOrientationLandscapeLeft UIInterfaceOrientationLandscapeRight";
				INFOPLIST_KEY_UISupportedInterfaceOrientations_iPhone = "UIInterfaceOrientationPortrait UIInterfaceOrientationLandscapeLeft UIInterfaceOrientationLandscapeRight";
				LD_RUNPATH_SEARCH_PATHS = (
					"$(inherited)",
					"@executable_path/Frameworks",
				);
				MARKETING_VERSION = 1.0;
				PRODUCT_BUNDLE_IDENTIFIER = "com.rhiz0m.sti-exam";
				PRODUCT_NAME = "$(TARGET_NAME)";
				SWIFT_EMIT_LOC_STRINGS = YES;
				SWIFT_VERSION = 5.0;
				TARGETED_DEVICE_FAMILY = "1,2";
			};
			name = Release;
		};
		FE64BA142B4C354900A70F62 /* Debug */ = {
			isa = XCBuildConfiguration;
			buildSettings = {
				ALWAYS_EMBED_SWIFT_STANDARD_LIBRARIES = YES;
				BUNDLE_LOADER = "$(TEST_HOST)";
				CODE_SIGN_STYLE = Automatic;
				CURRENT_PROJECT_VERSION = 1;
				GENERATE_INFOPLIST_FILE = YES;
				IPHONEOS_DEPLOYMENT_TARGET = 17.2;
				MARKETING_VERSION = 1.0;
				PRODUCT_BUNDLE_IDENTIFIER = "com.rhiz0m.sti-examTests";
				PRODUCT_NAME = "$(TARGET_NAME)";
				SWIFT_EMIT_LOC_STRINGS = NO;
				SWIFT_VERSION = 5.0;
				TARGETED_DEVICE_FAMILY = "1,2";
				TEST_HOST = "$(BUILT_PRODUCTS_DIR)/sti_exam.app/$(BUNDLE_EXECUTABLE_FOLDER_PATH)/sti_exam";
			};
			name = Debug;
		};
		FE64BA152B4C354900A70F62 /* Release */ = {
			isa = XCBuildConfiguration;
			buildSettings = {
				ALWAYS_EMBED_SWIFT_STANDARD_LIBRARIES = YES;
				BUNDLE_LOADER = "$(TEST_HOST)";
				CODE_SIGN_STYLE = Automatic;
				CURRENT_PROJECT_VERSION = 1;
				GENERATE_INFOPLIST_FILE = YES;
				IPHONEOS_DEPLOYMENT_TARGET = 17.2;
				MARKETING_VERSION = 1.0;
				PRODUCT_BUNDLE_IDENTIFIER = "com.rhiz0m.sti-examTests";
				PRODUCT_NAME = "$(TARGET_NAME)";
				SWIFT_EMIT_LOC_STRINGS = NO;
				SWIFT_VERSION = 5.0;
				TARGETED_DEVICE_FAMILY = "1,2";
				TEST_HOST = "$(BUILT_PRODUCTS_DIR)/sti_exam.app/$(BUNDLE_EXECUTABLE_FOLDER_PATH)/sti_exam";
			};
			name = Release;
		};
		FE64BA172B4C354900A70F62 /* Debug */ = {
			isa = XCBuildConfiguration;
			buildSettings = {
				ALWAYS_EMBED_SWIFT_STANDARD_LIBRARIES = YES;
				CODE_SIGN_STYLE = Automatic;
				CURRENT_PROJECT_VERSION = 1;
				GENERATE_INFOPLIST_FILE = YES;
				MARKETING_VERSION = 1.0;
				PRODUCT_BUNDLE_IDENTIFIER = "com.rhiz0m.sti-examUITests";
				PRODUCT_NAME = "$(TARGET_NAME)";
				SWIFT_EMIT_LOC_STRINGS = NO;
				SWIFT_VERSION = 5.0;
				TARGETED_DEVICE_FAMILY = "1,2";
				TEST_TARGET_NAME = sti_exam;
			};
			name = Debug;
		};
		FE64BA182B4C354900A70F62 /* Release */ = {
			isa = XCBuildConfiguration;
			buildSettings = {
				ALWAYS_EMBED_SWIFT_STANDARD_LIBRARIES = YES;
				CODE_SIGN_STYLE = Automatic;
				CURRENT_PROJECT_VERSION = 1;
				GENERATE_INFOPLIST_FILE = YES;
				MARKETING_VERSION = 1.0;
				PRODUCT_BUNDLE_IDENTIFIER = "com.rhiz0m.sti-examUITests";
				PRODUCT_NAME = "$(TARGET_NAME)";
				SWIFT_EMIT_LOC_STRINGS = NO;
				SWIFT_VERSION = 5.0;
				TARGETED_DEVICE_FAMILY = "1,2";
				TEST_TARGET_NAME = sti_exam;
			};
			name = Release;
		};
/* End XCBuildConfiguration section */

/* Begin XCConfigurationList section */
		FE64B9E72B4C354700A70F62 /* Build configuration list for PBXProject "sti_exam" */ = {
			isa = XCConfigurationList;
			buildConfigurations = (
				FE64BA0E2B4C354900A70F62 /* Debug */,
				FE64BA0F2B4C354900A70F62 /* Release */,
			);
			defaultConfigurationIsVisible = 0;
			defaultConfigurationName = Release;
		};
		FE64BA102B4C354900A70F62 /* Build configuration list for PBXNativeTarget "sti_exam" */ = {
			isa = XCConfigurationList;
			buildConfigurations = (
				FE64BA112B4C354900A70F62 /* Debug */,
				FE64BA122B4C354900A70F62 /* Release */,
			);
			defaultConfigurationIsVisible = 0;
			defaultConfigurationName = Release;
		};
		FE64BA132B4C354900A70F62 /* Build configuration list for PBXNativeTarget "sti_examTests" */ = {
			isa = XCConfigurationList;
			buildConfigurations = (
				FE64BA142B4C354900A70F62 /* Debug */,
				FE64BA152B4C354900A70F62 /* Release */,
			);
			defaultConfigurationIsVisible = 0;
			defaultConfigurationName = Release;
		};
		FE64BA162B4C354900A70F62 /* Build configuration list for PBXNativeTarget "sti_examUITests" */ = {
			isa = XCConfigurationList;
			buildConfigurations = (
				FE64BA172B4C354900A70F62 /* Debug */,
				FE64BA182B4C354900A70F62 /* Release */,
			);
			defaultConfigurationIsVisible = 0;
			defaultConfigurationName = Release;
		};
/* End XCConfigurationList section */

/* Begin XCRemoteSwiftPackageReference section */
		FE8D9A172BA2FCFA0065EEDD /* XCRemoteSwiftPackageReference "firebase-ios-sdk" */ = {
			isa = XCRemoteSwiftPackageReference;
			repositoryURL = "https://github.com/firebase/firebase-ios-sdk";
			requirement = {
				kind = upToNextMajorVersion;
				minimumVersion = 10.22.1;
			};
		};
/* End XCRemoteSwiftPackageReference section */

/* Begin XCSwiftPackageProductDependency section */
		FE8D9A1A2BA307CA0065EEDD /* FirebaseAuth */ = {
			isa = XCSwiftPackageProductDependency;
			package = FE8D9A172BA2FCFA0065EEDD /* XCRemoteSwiftPackageReference "firebase-ios-sdk" */;
			productName = FirebaseAuth;
		};
		FE8D9A1C2BA307CA0065EEDD /* FirebaseFirestore */ = {
			isa = XCSwiftPackageProductDependency;
			package = FE8D9A172BA2FCFA0065EEDD /* XCRemoteSwiftPackageReference "firebase-ios-sdk" */;
			productName = FirebaseFirestore;
		};
		FE8D9A1E2BA307CA0065EEDD /* FirebaseFirestoreCombine-Community */ = {
			isa = XCSwiftPackageProductDependency;
			package = FE8D9A172BA2FCFA0065EEDD /* XCRemoteSwiftPackageReference "firebase-ios-sdk" */;
			productName = "FirebaseFirestoreCombine-Community";
		};
		FE8D9A202BA307CA0065EEDD /* FirebaseFirestoreSwift */ = {
			isa = XCSwiftPackageProductDependency;
			package = FE8D9A172BA2FCFA0065EEDD /* XCRemoteSwiftPackageReference "firebase-ios-sdk" */;
			productName = FirebaseFirestoreSwift;
		};
/* End XCSwiftPackageProductDependency section */
	};
	rootObject = FE64B9E42B4C354700A70F62 /* Project object */;
}
